
Microsoft Visual Studio Solution File, Format Version 12.00
# Visual Studio 2013
VisualStudioVersion = 12.0.31101.0
MinimumVisualStudioVersion = 10.0.40219.1
Project("{FAE04EC0-301F-11D3-BF4B-00C04F79EFBC}") = "SmartLibraryPortal", "SmartLibraryPortal\SmartLibraryPortal.csproj", "{660D80ED-0BD5-4F03-A7D6-9C354AAEF2D5}"
EndProject
Project("{FAE04EC0-301F-11D3-BF4B-00C04F79EFBC}") = "BusinessModels", "..\..\API\Models\BusinessModels.csproj", "{059BC315-B071-45EE-BAF8-2B7D3D609254}"
EndProject
Project("{FAE04EC0-301F-11D3-BF4B-00C04F79EFBC}") = "Utility", "Utility\Utility.csproj", "{BE1FF8E6-C9E7-43F7-8F20-4E36C3D31555}"
EndProject
Global
	GlobalSection(SolutionConfigurationPlatforms) = preSolution
		Debug|Any CPU = Debug|Any CPU
		Release|Any CPU = Release|Any CPU
	EndGlobalSection
	GlobalSection(ProjectConfigurationPlatforms) = postSolution
		{660D80ED-0BD5-4F03-A7D6-9C354AAEF2D5}.Debug|Any CPU.ActiveCfg = Debug|Any CPU
		{660D80ED-0BD5-4F03-A7D6-9C354AAEF2D5}.Debug|Any CPU.Build.0 = Debug|Any CPU
		{660D80ED-0BD5-4F03-A7D6-9C354AAEF2D5}.Release|Any CPU.ActiveCfg = Release|Any CPU
		{660D80ED-0BD5-4F03-A7D6-9C354AAEF2D5}.Release|Any CPU.Build.0 = Release|Any CPU
		{059BC315-B071-45EE-BAF8-2B7D3D609254}.Debug|Any CPU.ActiveCfg = Debug|Any CPU
		{059BC315-B071-45EE-BAF8-2B7D3D609254}.Debug|Any CPU.Build.0 = Debug|Any CPU
		{059BC315-B071-45EE-BAF8-2B7D3D609254}.Release|Any CPU.ActiveCfg = Release|Any CPU
		{059BC315-B071-45EE-BAF8-2B7D3D609254}.Release|Any CPU.Build.0 = Release|Any CPU
		{BE1FF8E6-C9E7-43F7-8F20-4E36C3D31555}.Debug|Any CPU.ActiveCfg = Debug|Any CPU
		{BE1FF8E6-C9E7-43F7-8F20-4E36C3D31555}.Debug|Any CPU.Build.0 = Debug|Any CPU
		{BE1FF8E6-C9E7-43F7-8F20-4E36C3D31555}.Release|Any CPU.ActiveCfg = Release|Any CPU
		{BE1FF8E6-C9E7-43F7-8F20-4E36C3D31555}.Release|Any CPU.Build.0 = Release|Any CPU
	EndGlobalSection
	GlobalSection(SolutionProperties) = preSolution
		HideSolutionNode = FALSE
	EndGlobalSection
EndGlobal
